{
  "name": "apidocs",
  "version": "1.0.0",
  "lockfileVersion": 2,
  "requires": true,
  "packages": {
    "": {
      "name": "apidocs",
      "version": "1.0.0",
      "license": "ISC",
      "dependencies": {
        "horsey": "^4.2.2"
      }
    },
    "node_modules/atoa": {
      "version": "1.0.0",
      "resolved": "https://registry.npmjs.org/atoa/-/atoa-1.0.0.tgz",
      "integrity": "sha512-VVE1H6cc4ai+ZXo/CRWoJiHXrA1qfA31DPnx6D20+kSI547hQN5Greh51LQ1baMRMfxO5K5M4ImMtZbZt2DODQ=="
    },
    "node_modules/bullseye": {
      "version": "1.5.0",
      "resolved": "https://registry.npmjs.org/bullseye/-/bullseye-1.5.0.tgz",
      "integrity": "sha512-uHqICdPLka757WMlzpyac6x7YVkikFOeYdGpFSYcAMo1FRBaFtS3Fy1Qc3fKpV9vFh25CzBLL5V1gxlZ9tqOow==",
      "dependencies": {
        "crossvent": "^1.3.1",
        "seleccion": "2.0.0",
        "sell": "^1.0.0"
      }
    },
    "node_modules/contra": {
      "version": "1.9.4",
      "resolved": "https://registry.npmjs.org/contra/-/contra-1.9.4.tgz",
      "integrity": "sha512-N9ArHAqwR/lhPq4OdIAwH4e1btn6EIZMAz4TazjnzCiVECcWUPTma+dRAM38ERImEJBh8NiCCpjoQruSZ+agYg==",
      "dependencies": {
        "atoa": "1.0.0",
        "ticky": "1.0.1"
      }
    },
    "node_modules/crossvent": {
      "version": "1.5.4",
      "resolved": "https://registry.npmjs.org/crossvent/-/crossvent-1.5.4.tgz",
      "integrity": "sha512-b6gEmNAh3kemyfNJ0LQzA/29A+YeGwevlSkNp2x0TzLOMYc0b85qRAD06OUuLWLQpR7HdJHNZQTlD1cfwoTrzg==",
      "dependencies": {
        "custom-event": "1.0.0"
      }
    },
    "node_modules/custom-event": {
      "version": "1.0.0",
      "resolved": "https://registry.npmjs.org/custom-event/-/custom-event-1.0.0.tgz",
      "integrity": "sha512-6nOXX3UitrmdvSJWoVR2dlzhbX5bEUqmqsMUyx1ypCLZkHHkcuYtdpW3p94RGvcFkTV7DkLo+Ilbwnlwi8L+jw=="
    },
    "node_modules/fuzzysearch": {
      "version": "1.0.3",
      "resolved": "https://registry.npmjs.org/fuzzysearch/-/fuzzysearch-1.0.3.tgz",
      "integrity": "sha512-s+kNWQuI3mo9OALw0HJ6YGmMbLqEufCh2nX/zzV5CrICQ/y4AwPxM+6TIiF9ItFCHXFCyM/BfCCmN57NTIJuPg=="
    },
    "node_modules/hash-sum": {
      "version": "1.0.2",
      "resolved": "https://registry.npmjs.org/hash-sum/-/hash-sum-1.0.2.tgz",
      "integrity": "sha512-fUs4B4L+mlt8/XAtSOGMUO1TXmAelItBPtJG7CyHJfYTdDjwisntGO2JQz7oUsatOY9o68+57eziUVNw/mRHmA=="
    },
    "node_modules/horsey": {
      "version": "4.2.2",
      "resolved": "https://registry.npmjs.org/horsey/-/horsey-4.2.2.tgz",
      "integrity": "sha512-SlF/y200iQ0/l7XoJwLQZb63mIIKS2eoHrZYR35JUOqlEA4iwLFU0dHFvndTt7YMMST3lXGMCadM3xx8iqtUhA==",
      "dependencies": {
        "bullseye": "1.5.0",
        "contra": "1.9.4",
        "crossvent": "1.5.4",
        "fuzzysearch": "1.0.3",
        "hash-sum": "1.0.2",
        "lodash": "4.13.1",
        "sektor": "1.1.4",
        "sell": "1.0.0"
      }
    },
    "node_modules/lodash": {
      "version": "4.13.1",
      "resolved": "https://registry.npmjs.org/lodash/-/lodash-4.13.1.tgz",
      "integrity": "sha512-j/GRONYpkXt1aB1bQHzkq0Th7zhv/syoDVrzCDA3FDMntIin0b7TjXi62q9juDC+QfhRs9COr0LFW38vQSH9Tg=="
    },
    "node_modules/sektor": {
      "version": "1.1.4",
      "resolved": "https://registry.npmjs.org/sektor/-/sektor-1.1.4.tgz",
      "integrity": "sha512-3tdKJtWRHhaQnookbJHzfF8BuUHQKLs8IwTnu9/nesqo7yRwNShAq653OJQUaEDjXdtggyIccE5sHiup+XIYbA=="
    },
    "node_modules/seleccion": {
      "version": "2.0.0",
      "resolved": "https://registry.npmjs.org/seleccion/-/seleccion-2.0.0.tgz",
      "integrity": "sha512-PhrdUIWfCSpXujtwb2E+v/L4VgOo8KGn860V/Nep57IxL8Mz7vGCZ5yCCMU6IJVt4rE5XG9TRT1tpcXxXYqqcQ=="
    },
    "node_modules/sell": {
      "version": "1.0.0",
      "resolved": "https://registry.npmjs.org/sell/-/sell-1.0.0.tgz",
      "integrity": "sha512-xd3i7H12FAVIfAT4FiWM07pxjqEZj2aPWEDREvF1Yb+gD0AUQvwrY/4/lT+Xb+eGWG2H0avvo963xQQ8ERWhIA=="
    },
    "node_modules/ticky": {
      "version": "1.0.1",
      "resolved": "https://registry.npmjs.org/ticky/-/ticky-1.0.1.tgz",
      "integrity": "sha512-RX35iq/D+lrsqhcPWIazM9ELkjOe30MSeoBHQHSsRwd1YuhJO5ui1K1/R0r7N3mFvbLBs33idw+eR6j+w6i/DA=="
    }
  },
  "dependencies": {
    "atoa": {
      "version": "1.0.0",
      "resolved": "https://registry.npmjs.org/atoa/-/atoa-1.0.0.tgz",
      "integrity": "sha512-VVE1H6cc4ai+ZXo/CRWoJiHXrA1qfA31DPnx6D20+kSI547hQN5Greh51LQ1baMRMfxO5K5M4ImMtZbZt2DODQ=="
    },
    "bullseye": {
      "version": "1.5.0",
      "resolved": "https://registry.npmjs.org/bullseye/-/bullseye-1.5.0.tgz",
      "integrity": "sha512-uHqICdPLka757WMlzpyac6x7YVkikFOeYdGpFSYcAMo1FRBaFtS3Fy1Qc3fKpV9vFh25CzBLL5V1gxlZ9tqOow==",
      "requires": {
        "crossvent": "^1.3.1",
        "seleccion": "2.0.0",
        "sell": "^1.0.0"
      }
    },
    "contra": {
      "version": "1.9.4",
      "resolved": "https://registry.npmjs.org/contra/-/contra-1.9.4.tgz",
      "integrity": "sha512-N9ArHAqwR/lhPq4OdIAwH4e1btn6EIZMAz4TazjnzCiVECcWUPTma+dRAM38ERImEJBh8NiCCpjoQruSZ+agYg==",
      "requires": {
        "atoa": "1.0.0",
        "ticky": "1.0.1"
      }
    },
    "crossvent": {
      "version": "1.5.4",
      "resolved": "https://registry.npmjs.org/crossvent/-/crossvent-1.5.4.tgz",
      "integrity": "sha512-b6gEmNAh3kemyfNJ0LQzA/29A+YeGwevlSkNp2x0TzLOMYc0b85qRAD06OUuLWLQpR7HdJHNZQTlD1cfwoTrzg==",
      "requires": {
        "custom-event": "1.0.0"
      }
    },
    "custom-event": {
      "version": "1.0.0",
      "resolved": "https://registry.npmjs.org/custom-event/-/custom-event-1.0.0.tgz",
      "integrity": "sha512-6nOXX3UitrmdvSJWoVR2dlzhbX5bEUqmqsMUyx1ypCLZkHHkcuYtdpW3p94RGvcFkTV7DkLo+Ilbwnlwi8L+jw=="
    },
    "fuzzysearch": {
      "version": "1.0.3",
      "resolved": "https://registry.npmjs.org/fuzzysearch/-/fuzzysearch-1.0.3.tgz",
      "integrity": "sha512-s+kNWQuI3mo9OALw0HJ6YGmMbLqEufCh2nX/zzV5CrICQ/y4AwPxM+6TIiF9ItFCHXFCyM/BfCCmN57NTIJuPg=="
    },
    "hash-sum": {
      "version": "1.0.2",
      "resolved": "https://registry.npmjs.org/hash-sum/-/hash-sum-1.0.2.tgz",
      "integrity": "sha512-fUs4B4L+mlt8/XAtSOGMUO1TXmAelItBPtJG7CyHJfYTdDjwisntGO2JQz7oUsatOY9o68+57eziUVNw/mRHmA=="
    },
    "horsey": {
      "version": "4.2.2",
      "resolved": "https://registry.npmjs.org/horsey/-/horsey-4.2.2.tgz",
      "integrity": "sha512-SlF/y200iQ0/l7XoJwLQZb63mIIKS2eoHrZYR35JUOqlEA4iwLFU0dHFvndTt7YMMST3lXGMCadM3xx8iqtUhA==",
      "requires": {
        "bullseye": "1.5.0",
        "contra": "1.9.4",
        "crossvent": "1.5.4",
        "fuzzysearch": "1.0.3",
        "hash-sum": "1.0.2",
        "lodash": "4.13.1",
        "sektor": "1.1.4",
        "sell": "1.0.0"
      }
    },
    "lodash": {
      "version": "4.13.1",
      "resolved": "https://registry.npmjs.org/lodash/-/lodash-4.13.1.tgz",
      "integrity": "sha512-j/GRONYpkXt1aB1bQHzkq0Th7zhv/syoDVrzCDA3FDMntIin0b7TjXi62q9juDC+QfhRs9COr0LFW38vQSH9Tg=="
    },
    "sektor": {
      "version": "1.1.4",
      "resolved": "https://registry.npmjs.org/sektor/-/sektor-1.1.4.tgz",
      "integrity": "sha512-3tdKJtWRHhaQnookbJHzfF8BuUHQKLs8IwTnu9/nesqo7yRwNShAq653OJQUaEDjXdtggyIccE5sHiup+XIYbA=="
    },
    "seleccion": {
      "version": "2.0.0",
      "resolved": "https://registry.npmjs.org/seleccion/-/seleccion-2.0.0.tgz",
      "integrity": "sha512-PhrdUIWfCSpXujtwb2E+v/L4VgOo8KGn860V/Nep57IxL8Mz7vGCZ5yCCMU6IJVt4rE5XG9TRT1tpcXxXYqqcQ=="
    },
    "sell": {
      "version": "1.0.0",
      "resolved": "https://registry.npmjs.org/sell/-/sell-1.0.0.tgz",
      "integrity": "sha512-xd3i7H12FAVIfAT4FiWM07pxjqEZj2aPWEDREvF1Yb+gD0AUQvwrY/4/lT+Xb+eGWG2H0avvo963xQQ8ERWhIA=="
    },
    "ticky": {
      "version": "1.0.1",
      "resolved": "https://registry.npmjs.org/ticky/-/ticky-1.0.1.tgz",
      "integrity": "sha512-RX35iq/D+lrsqhcPWIazM9ELkjOe30MSeoBHQHSsRwd1YuhJO5ui1K1/R0r7N3mFvbLBs33idw+eR6j+w6i/DA=="
    }
  }
}
